
Microsoft Visual Studio Solution File, Format Version 12.00
# Visual Studio Version 17
VisualStudioVersion = 17.6.33801.468
MinimumVisualStudioVersion = 10.0.40219.1
Project("{9A19103F-16F7-4668-BE54-9A1E7A4F7556}") = "CI_CD_DotNetCore6", "CI_CD_DotNetCore6\CI_CD_DotNetCore6.csproj", "{495E8149-7A88-41F9-8BA6-4F0612831744}"
EndProject
Project("{FAE04EC0-301F-11D3-BF4B-00C04F79EFBC}") = "CI_CD_xUnitTest", "CI_CD_xUnitTest\CI_CD_xUnitTest.csproj", "{6474861B-E7AF-4E33-9C2F-5F797F2834C1}"
EndProject
Global
	GlobalSection(SolutionConfigurationPlatforms) = preSolution
		Debug|Any CPU = Debug|Any CPU
		Release|Any CPU = Release|Any CPU
	EndGlobalSection
	GlobalSection(ProjectConfigurationPlatforms) = postSolution
		{495E8149-7A88-41F9-8BA6-4F0612831744}.Debug|Any CPU.ActiveCfg = Debug|Any CPU
		{495E8149-7A88-41F9-8BA6-4F0612831744}.Debug|Any CPU.Build.0 = Debug|Any CPU
		{495E8149-7A88-41F9-8BA6-4F0612831744}.Release|Any CPU.ActiveCfg = Release|Any CPU
		{495E8149-7A88-41F9-8BA6-4F0612831744}.Release|Any CPU.Build.0 = Release|Any CPU
		{6474861B-E7AF-4E33-9C2F-5F797F2834C1}.Debug|Any CPU.ActiveCfg = Debug|Any CPU
		{6474861B-E7AF-4E33-9C2F-5F797F2834C1}.Debug|Any CPU.Build.0 = Debug|Any CPU
		{6474861B-E7AF-4E33-9C2F-5F797F2834C1}.Release|Any CPU.ActiveCfg = Release|Any CPU
		{6474861B-E7AF-4E33-9C2F-5F797F2834C1}.Release|Any CPU.Build.0 = Release|Any CPU
	EndGlobalSection
	GlobalSection(SolutionProperties) = preSolution
		HideSolutionNode = FALSE
	EndGlobalSection
	GlobalSection(ExtensibilityGlobals) = postSolution
		SolutionGuid = {C2780583-05C6-4E63-89D0-118820CE6DEB}
	EndGlobalSection
EndGlobal
